
Microsoft Visual Studio Solution File, Format Version 12.00
# Visual Studio 14
VisualStudioVersion = 14.0.25123.0
MinimumVisualStudioVersion = 10.0.40219.1
Project("{FAE04EC0-301F-11D3-BF4B-00C04F79EFBC}") = "XDevMessaging.Droid", "XDevMessaging\XDevMessaging.Droid\XDevMessaging.Droid.csproj", "{6355BC1D-06C4-4DDA-A8EC-C2F47E92B2FB}"
EndProject
Project("{FAE04EC0-301F-11D3-BF4B-00C04F79EFBC}") = "XDevMessaging.iOS", "XDevMessaging\XDevMessaging.iOS\XDevMessaging.iOS.csproj", "{E33DA798-42F6-4F21-84C4-23AD14DDBE0E}"
EndProject
Project("{FAE04EC0-301F-11D3-BF4B-00C04F79EFBC}") = "XDevMessaging.WinPhone", "XDevMessaging\XDevMessaging.WinPhone\XDevMessaging.WinPhone.csproj", "{3EFD4B89-0CE6-4437-8A41-0BD9E848BA06}"
EndProject
Project("{FAE04EC0-301F-11D3-BF4B-00C04F79EFBC}") = "XDevMessaging.UWP", "XDevMessaging\XDevMessaging.UWP\XDevMessaging.UWP.csproj", "{EA607D32-59A8-4C3F-82EB-27036A460699}"
EndProject
Project("{FAE04EC0-301F-11D3-BF4B-00C04F79EFBC}") = "XDevMessaging", "XDevMessaging\XDevMessaging\XDevMessaging.csproj", "{1E2C53E5-AD39-49E3-A9FE-915CE9F7E2CB}"
EndProject
Project("{FAE04EC0-301F-11D3-BF4B-00C04F79EFBC}") = "XDevMessaging.Infrastructure", "XDevMessaging\XDevMessaging.Infrastructure\XDevMessaging.Infrastructure.csproj", "{007557DB-2CA0-4114-9709-62C439A130B9}"
EndProject
Project("{FAE04EC0-301F-11D3-BF4B-00C04F79EFBC}") = "PushNotification.Plugin", "XDevMessaging\PushNotification.Plugin\PushNotification.Plugin.csproj", "{A6FCEF44-D2BA-42C7-B3CB-13667BCD7B54}"
EndProject
Project("{FAE04EC0-301F-11D3-BF4B-00C04F79EFBC}") = "PushNotification.Plugin.Abstractions", "XDevMessaging\PushNotification.Plugin.Abstractions\PushNotification.Plugin.Abstractions.csproj", "{6EDB0588-FFC5-4EF5-8A99-9E241D0F878D}"
EndProject
Project("{FAE04EC0-301F-11D3-BF4B-00C04F79EFBC}") = "PushNotification.Plugin.Android", "XDevMessaging\PushNotification.Plugin.Android\PushNotification.Plugin.Android.csproj", "{56A56F17-7DE1-4CA1-9617-BF32E971AC84}"
EndProject
Project("{FAE04EC0-301F-11D3-BF4B-00C04F79EFBC}") = "PushNotification.Plugin.iOS", "XDevMessaging\PushNotification.Plugin.iOS\PushNotification.Plugin.iOS.csproj", "{D7F3AA16-8EF1-4924-9E0A-DAD4AB46B2EB}"
EndProject
Project("{FAE04EC0-301F-11D3-BF4B-00C04F79EFBC}") = "PushNotification.Plugin.UWP", "XDevMessaging\PushNotification.Plugin.UWP\PushNotification.Plugin.UWP.csproj", "{807FD616-74A7-4800-AB46-481AAF966F1D}"
EndProject
Global
	GlobalSection(SolutionConfigurationPlatforms) = preSolution
		Ad-Hoc|Any CPU = Ad-Hoc|Any CPU
		Ad-Hoc|ARM = Ad-Hoc|ARM
		Ad-Hoc|iPhone = Ad-Hoc|iPhone
		Ad-Hoc|iPhoneSimulator = Ad-Hoc|iPhoneSimulator
		Ad-Hoc|x64 = Ad-Hoc|x64
		Ad-Hoc|x86 = Ad-Hoc|x86
		AppStore|Any CPU = AppStore|Any CPU
		AppStore|ARM = AppStore|ARM
		AppStore|iPhone = AppStore|iPhone
		AppStore|iPhoneSimulator = AppStore|iPhoneSimulator
		AppStore|x64 = AppStore|x64
		AppStore|x86 = AppStore|x86
		Debug|Any CPU = Debug|Any CPU
		Debug|ARM = Debug|ARM
		Debug|iPhone = Debug|iPhone
		Debug|iPhoneSimulator = Debug|iPhoneSimulator
		Debug|x64 = Debug|x64
		Debug|x86 = Debug|x86
		Release|Any CPU = Release|Any CPU
		Release|ARM = Release|ARM
		Release|iPhone = Release|iPhone
		Release|iPhoneSimulator = Release|iPhoneSimulator
		Release|x64 = Release|x64
		Release|x86 = Release|x86
	EndGlobalSection
	GlobalSection(ProjectConfigurationPlatforms) = postSolution
		{6355BC1D-06C4-4DDA-A8EC-C2F47E92B2FB}.Ad-Hoc|Any CPU.ActiveCfg = Release|Any CPU
		{6355BC1D-06C4-4DDA-A8EC-C2F47E92B2FB}.Ad-Hoc|Any CPU.Build.0 = Release|Any CPU
		{6355BC1D-06C4-4DDA-A8EC-C2F47E92B2FB}.Ad-Hoc|Any CPU.Deploy.0 = Release|Any CPU
		{6355BC1D-06C4-4DDA-A8EC-C2F47E92B2FB}.Ad-Hoc|ARM.ActiveCfg = Release|Any CPU
		{6355BC1D-06C4-4DDA-A8EC-C2F47E92B2FB}.Ad-Hoc|ARM.Build.0 = Release|Any CPU
		{6355BC1D-06C4-4DDA-A8EC-C2F47E92B2FB}.Ad-Hoc|ARM.Deploy.0 = Release|Any CPU
		{6355BC1D-06C4-4DDA-A8EC-C2F47E92B2FB}.Ad-Hoc|iPhone.ActiveCfg = Release|Any CPU
		{6355BC1D-06C4-4DDA-A8EC-C2F47E92B2FB}.Ad-Hoc|iPhone.Build.0 = Release|Any CPU
		{6355BC1D-06C4-4DDA-A8EC-C2F47E92B2FB}.Ad-Hoc|iPhone.Deploy.0 = Release|Any CPU
		{6355BC1D-06C4-4DDA-A8EC-C2F47E92B2FB}.Ad-Hoc|iPhoneSimulator.ActiveCfg = Release|Any CPU
		{6355BC1D-06C4-4DDA-A8EC-C2F47E92B2FB}.Ad-Hoc|iPhoneSimulator.Build.0 = Release|Any CPU
		{6355BC1D-06C4-4DDA-A8EC-C2F47E92B2FB}.Ad-Hoc|iPhoneSimulator.Deploy.0 = Release|Any CPU
		{6355BC1D-06C4-4DDA-A8EC-C2F47E92B2FB}.Ad-Hoc|x64.ActiveCfg = Release|Any CPU
		{6355BC1D-06C4-4DDA-A8EC-C2F47E92B2FB}.Ad-Hoc|x64.Build.0 = Release|Any CPU
		{6355BC1D-06C4-4DDA-A8EC-C2F47E92B2FB}.Ad-Hoc|x64.Deploy.0 = Release|Any CPU
		{6355BC1D-06C4-4DDA-A8EC-C2F47E92B2FB}.Ad-Hoc|x86.ActiveCfg = Release|Any CPU
		{6355BC1D-06C4-4DDA-A8EC-C2F47E92B2FB}.Ad-Hoc|x86.Build.0 = Release|Any CPU
		{6355BC1D-06C4-4DDA-A8EC-C2F47E92B2FB}.Ad-Hoc|x86.Deploy.0 = Release|Any CPU
		{6355BC1D-06C4-4DDA-A8EC-C2F47E92B2FB}.AppStore|Any CPU.ActiveCfg = Release|Any CPU
		{6355BC1D-06C4-4DDA-A8EC-C2F47E92B2FB}.AppStore|Any CPU.Build.0 = Release|Any CPU
		{6355BC1D-06C4-4DDA-A8EC-C2F47E92B2FB}.AppStore|Any CPU.Deploy.0 = Release|Any CPU
		{6355BC1D-06C4-4DDA-A8EC-C2F47E92B2FB}.AppStore|ARM.ActiveCfg = Release|Any CPU
		{6355BC1D-06C4-4DDA-A8EC-C2F47E92B2FB}.AppStore|ARM.Build.0 = Release|Any CPU
		{6355BC1D-06C4-4DDA-A8EC-C2F47E92B2FB}.AppStore|ARM.Deploy.0 = Release|Any CPU
		{6355BC1D-06C4-4DDA-A8EC-C2F47E92B2FB}.AppStore|iPhone.ActiveCfg = Release|Any CPU
		{6355BC1D-06C4-4DDA-A8EC-C2F47E92B2FB}.AppStore|iPhone.Build.0 = Release|Any CPU
		{6355BC1D-06C4-4DDA-A8EC-C2F47E92B2FB}.AppStore|iPhone.Deploy.0 = Release|Any CPU
		{6355BC1D-06C4-4DDA-A8EC-C2F47E92B2FB}.AppStore|iPhoneSimulator.ActiveCfg = Release|Any CPU
		{6355BC1D-06C4-4DDA-A8EC-C2F47E92B2FB}.AppStore|iPhoneSimulator.Build.0 = Release|Any CPU
		{6355BC1D-06C4-4DDA-A8EC-C2F47E92B2FB}.AppStore|iPhoneSimulator.Deploy.0 = Release|Any CPU
		{6355BC1D-06C4-4DDA-A8EC-C2F47E92B2FB}.AppStore|x64.ActiveCfg = Release|Any CPU
		{6355BC1D-06C4-4DDA-A8EC-C2F47E92B2FB}.AppStore|x64.Build.0 = Release|Any CPU
		{6355BC1D-06C4-4DDA-A8EC-C2F47E92B2FB}.AppStore|x64.Deploy.0 = Release|Any CPU
		{6355BC1D-06C4-4DDA-A8EC-C2F47E92B2FB}.AppStore|x86.ActiveCfg = Release|Any CPU
		{6355BC1D-06C4-4DDA-A8EC-C2F47E92B2FB}.AppStore|x86.Build.0 = Release|Any CPU
		{6355BC1D-06C4-4DDA-A8EC-C2F47E92B2FB}.AppStore|x86.Deploy.0 = Release|Any CPU
		{6355BC1D-06C4-4DDA-A8EC-C2F47E92B2FB}.Debug|Any CPU.ActiveCfg = Debug|Any CPU
		{6355BC1D-06C4-4DDA-A8EC-C2F47E92B2FB}.Debug|Any CPU.Build.0 = Debug|Any CPU
		{6355BC1D-06C4-4DDA-A8EC-C2F47E92B2FB}.Debug|Any CPU.Deploy.0 = Debug|Any CPU
		{6355BC1D-06C4-4DDA-A8EC-C2F47E92B2FB}.Debug|ARM.ActiveCfg = Debug|Any CPU
		{6355BC1D-06C4-4DDA-A8EC-C2F47E92B2FB}.Debug|ARM.Build.0 = Debug|Any CPU
		{6355BC1D-06C4-4DDA-A8EC-C2F47E92B2FB}.Debug|ARM.Deploy.0 = Debug|Any CPU
		{6355BC1D-06C4-4DDA-A8EC-C2F47E92B2FB}.Debug|iPhone.ActiveCfg = Debug|Any CPU
		{6355BC1D-06C4-4DDA-A8EC-C2F47E92B2FB}.Debug|iPhone.Build.0 = Debug|Any CPU
		{6355BC1D-06C4-4DDA-A8EC-C2F47E92B2FB}.Debug|iPhone.Deploy.0 = Debug|Any CPU
		{6355BC1D-06C4-4DDA-A8EC-C2F47E92B2FB}.Debug|iPhoneSimulator.ActiveCfg = Debug|Any CPU
		{6355BC1D-06C4-4DDA-A8EC-C2F47E92B2FB}.Debug|iPhoneSimulator.Build.0 = Debug|Any CPU
		{6355BC1D-06C4-4DDA-A8EC-C2F47E92B2FB}.Debug|iPhoneSimulator.Deploy.0 = Debug|Any CPU
		{6355BC1D-06C4-4DDA-A8EC-C2F47E92B2FB}.Debug|x64.ActiveCfg = Debug|Any CPU
		{6355BC1D-06C4-4DDA-A8EC-C2F47E92B2FB}.Debug|x86.ActiveCfg = Debug|Any CPU
		{6355BC1D-06C4-4DDA-A8EC-C2F47E92B2FB}.Debug|x86.Build.0 = Debug|Any CPU
		{6355BC1D-06C4-4DDA-A8EC-C2F47E92B2FB}.Debug|x86.Deploy.0 = Debug|Any CPU
		{6355BC1D-06C4-4DDA-A8EC-C2F47E92B2FB}.Release|Any CPU.ActiveCfg = Release|Any CPU
		{6355BC1D-06C4-4DDA-A8EC-C2F47E92B2FB}.Release|Any CPU.Build.0 = Release|Any CPU
		{6355BC1D-06C4-4DDA-A8EC-C2F47E92B2FB}.Release|Any CPU.Deploy.0 = Release|Any CPU
		{6355BC1D-06C4-4DDA-A8EC-C2F47E92B2FB}.Release|ARM.ActiveCfg = Release|Any CPU
		{6355BC1D-06C4-4DDA-A8EC-C2F47E92B2FB}.Release|ARM.Build.0 = Release|Any CPU
		{6355BC1D-06C4-4DDA-A8EC-C2F47E92B2FB}.Release|ARM.Deploy.0 = Release|Any CPU
		{6355BC1D-06C4-4DDA-A8EC-C2F47E92B2FB}.Release|iPhone.ActiveCfg = Release|Any CPU
		{6355BC1D-06C4-4DDA-A8EC-C2F47E92B2FB}.Release|iPhone.Build.0 = Release|Any CPU
		{6355BC1D-06C4-4DDA-A8EC-C2F47E92B2FB}.Release|iPhone.Deploy.0 = Release|Any CPU
		{6355BC1D-06C4-4DDA-A8EC-C2F47E92B2FB}.Release|iPhoneSimulator.ActiveCfg = Release|Any CPU
		{6355BC1D-06C4-4DDA-A8EC-C2F47E92B2FB}.Release|iPhoneSimulator.Build.0 = Release|Any CPU
		{6355BC1D-06C4-4DDA-A8EC-C2F47E92B2FB}.Release|iPhoneSimulator.Deploy.0 = Release|Any CPU
		{6355BC1D-06C4-4DDA-A8EC-C2F47E92B2FB}.Release|x64.ActiveCfg = Release|Any CPU
		{6355BC1D-06C4-4DDA-A8EC-C2F47E92B2FB}.Release|x64.Build.0 = Release|Any CPU
		{6355BC1D-06C4-4DDA-A8EC-C2F47E92B2FB}.Release|x64.Deploy.0 = Release|Any CPU
		{6355BC1D-06C4-4DDA-A8EC-C2F47E92B2FB}.Release|x86.ActiveCfg = Release|Any CPU
		{6355BC1D-06C4-4DDA-A8EC-C2F47E92B2FB}.Release|x86.Build.0 = Release|Any CPU
		{6355BC1D-06C4-4DDA-A8EC-C2F47E92B2FB}.Release|x86.Deploy.0 = Release|Any CPU
		{E33DA798-42F6-4F21-84C4-23AD14DDBE0E}.Ad-Hoc|Any CPU.ActiveCfg = Ad-Hoc|iPhone
		{E33DA798-42F6-4F21-84C4-23AD14DDBE0E}.Ad-Hoc|ARM.ActiveCfg = Ad-Hoc|iPhone
		{E33DA798-42F6-4F21-84C4-23AD14DDBE0E}.Ad-Hoc|iPhone.ActiveCfg = Ad-Hoc|iPhone
		{E33DA798-42F6-4F21-84C4-23AD14DDBE0E}.Ad-Hoc|iPhone.Build.0 = Ad-Hoc|iPhone
		{E33DA798-42F6-4F21-84C4-23AD14DDBE0E}.Ad-Hoc|iPhoneSimulator.ActiveCfg = Ad-Hoc|iPhoneSimulator
		{E33DA798-42F6-4F21-84C4-23AD14DDBE0E}.Ad-Hoc|iPhoneSimulator.Build.0 = Ad-Hoc|iPhoneSimulator
		{E33DA798-42F6-4F21-84C4-23AD14DDBE0E}.Ad-Hoc|x64.ActiveCfg = Ad-Hoc|iPhone
		{E33DA798-42F6-4F21-84C4-23AD14DDBE0E}.Ad-Hoc|x86.ActiveCfg = Ad-Hoc|iPhone
		{E33DA798-42F6-4F21-84C4-23AD14DDBE0E}.AppStore|Any CPU.ActiveCfg = AppStore|iPhone
		{E33DA798-42F6-4F21-84C4-23AD14DDBE0E}.AppStore|ARM.ActiveCfg = AppStore|iPhone
		{E33DA798-42F6-4F21-84C4-23AD14DDBE0E}.AppStore|iPhone.ActiveCfg = AppStore|iPhone
		{E33DA798-42F6-4F21-84C4-23AD14DDBE0E}.AppStore|iPhone.Build.0 = AppStore|iPhone
		{E33DA798-42F6-4F21-84C4-23AD14DDBE0E}.AppStore|iPhoneSimulator.ActiveCfg = AppStore|iPhoneSimulator
		{E33DA798-42F6-4F21-84C4-23AD14DDBE0E}.AppStore|iPhoneSimulator.Build.0 = AppStore|iPhoneSimulator
		{E33DA798-42F6-4F21-84C4-23AD14DDBE0E}.AppStore|x64.ActiveCfg = AppStore|iPhone
		{E33DA798-42F6-4F21-84C4-23AD14DDBE0E}.AppStore|x86.ActiveCfg = AppStore|iPhone
		{E33DA798-42F6-4F21-84C4-23AD14DDBE0E}.Debug|Any CPU.ActiveCfg = Debug|iPhone
		{E33DA798-42F6-4F21-84C4-23AD14DDBE0E}.Debug|Any CPU.Build.0 = Debug|iPhone
		{E33DA798-42F6-4F21-84C4-23AD14DDBE0E}.Debug|ARM.ActiveCfg = Debug|iPhone
		{E33DA798-42F6-4F21-84C4-23AD14DDBE0E}.Debug|iPhone.ActiveCfg = Debug|iPhone
		{E33DA798-42F6-4F21-84C4-23AD14DDBE0E}.Debug|iPhone.Build.0 = Debug|iPhone
		{E33DA798-42F6-4F21-84C4-23AD14DDBE0E}.Debug|iPhoneSimulator.ActiveCfg = Debug|iPhoneSimulator
		{E33DA798-42F6-4F21-84C4-23AD14DDBE0E}.Debug|iPhoneSimulator.Build.0 = Debug|iPhoneSimulator
		{E33DA798-42F6-4F21-84C4-23AD14DDBE0E}.Debug|x64.ActiveCfg = Debug|iPhone
		{E33DA798-42F6-4F21-84C4-23AD14DDBE0E}.Debug|x86.ActiveCfg = Debug|iPhone
		{E33DA798-42F6-4F21-84C4-23AD14DDBE0E}.Release|Any CPU.ActiveCfg = Release|iPhone
		{E33DA798-42F6-4F21-84C4-23AD14DDBE0E}.Release|ARM.ActiveCfg = Release|iPhone
		{E33DA798-42F6-4F21-84C4-23AD14DDBE0E}.Release|iPhone.ActiveCfg = Release|iPhone
		{E33DA798-42F6-4F21-84C4-23AD14DDBE0E}.Release|iPhone.Build.0 = Release|iPhone
		{E33DA798-42F6-4F21-84C4-23AD14DDBE0E}.Release|iPhoneSimulator.ActiveCfg = Release|iPhoneSimulator
		{E33DA798-42F6-4F21-84C4-23AD14DDBE0E}.Release|iPhoneSimulator.Build.0 = Release|iPhoneSimulator
		{E33DA798-42F6-4F21-84C4-23AD14DDBE0E}.Release|x64.ActiveCfg = Release|iPhone
		{E33DA798-42F6-4F21-84C4-23AD14DDBE0E}.Release|x86.ActiveCfg = Release|iPhone
		{3EFD4B89-0CE6-4437-8A41-0BD9E848BA06}.Ad-Hoc|Any CPU.ActiveCfg = Release|Any CPU
		{3EFD4B89-0CE6-4437-8A41-0BD9E848BA06}.Ad-Hoc|Any CPU.Build.0 = Release|Any CPU
		{3EFD4B89-0CE6-4437-8A41-0BD9E848BA06}.Ad-Hoc|Any CPU.Deploy.0 = Release|Any CPU
		{3EFD4B89-0CE6-4437-8A41-0BD9E848BA06}.Ad-Hoc|ARM.ActiveCfg = Release|ARM
		{3EFD4B89-0CE6-4437-8A41-0BD9E848BA06}.Ad-Hoc|ARM.Build.0 = Release|ARM
		{3EFD4B89-0CE6-4437-8A41-0BD9E848BA06}.Ad-Hoc|ARM.Deploy.0 = Release|ARM
		{3EFD4B89-0CE6-4437-8A41-0BD9E848BA06}.Ad-Hoc|iPhone.ActiveCfg = Release|Any CPU
		{3EFD4B89-0CE6-4437-8A41-0BD9E848BA06}.Ad-Hoc|iPhone.Build.0 = Release|Any CPU
		{3EFD4B89-0CE6-4437-8A41-0BD9E848BA06}.Ad-Hoc|iPhone.Deploy.0 = Release|Any CPU
		{3EFD4B89-0CE6-4437-8A41-0BD9E848BA06}.Ad-Hoc|iPhoneSimulator.ActiveCfg = Release|Any CPU
		{3EFD4B89-0CE6-4437-8A41-0BD9E848BA06}.Ad-Hoc|iPhoneSimulator.Build.0 = Release|Any CPU
		{3EFD4B89-0CE6-4437-8A41-0BD9E848BA06}.Ad-Hoc|iPhoneSimulator.Deploy.0 = Release|Any CPU
		{3EFD4B89-0CE6-4437-8A41-0BD9E848BA06}.Ad-Hoc|x64.ActiveCfg = Release|Any CPU
		{3EFD4B89-0CE6-4437-8A41-0BD9E848BA06}.Ad-Hoc|x64.Build.0 = Release|Any CPU
		{3EFD4B89-0CE6-4437-8A41-0BD9E848BA06}.Ad-Hoc|x64.Deploy.0 = Release|Any CPU
		{3EFD4B89-0CE6-4437-8A41-0BD9E848BA06}.Ad-Hoc|x86.ActiveCfg = Release|x86
		{3EFD4B89-0CE6-4437-8A41-0BD9E848BA06}.Ad-Hoc|x86.Build.0 = Release|x86
		{3EFD4B89-0CE6-4437-8A41-0BD9E848BA06}.Ad-Hoc|x86.Deploy.0 = Release|x86
		{3EFD4B89-0CE6-4437-8A41-0BD9E848BA06}.AppStore|Any CPU.ActiveCfg = Release|Any CPU
		{3EFD4B89-0CE6-4437-8A41-0BD9E848BA06}.AppStore|Any CPU.Build.0 = Release|Any CPU
		{3EFD4B89-0CE6-4437-8A41-0BD9E848BA06}.AppStore|Any CPU.Deploy.0 = Release|Any CPU
		{3EFD4B89-0CE6-4437-8A41-0BD9E848BA06}.AppStore|ARM.ActiveCfg = Release|ARM
		{3EFD4B89-0CE6-4437-8A41-0BD9E848BA06}.AppStore|ARM.Build.0 = Release|ARM
		{3EFD4B89-0CE6-4437-8A41-0BD9E848BA06}.AppStore|ARM.Deploy.0 = Release|ARM
		{3EFD4B89-0CE6-4437-8A41-0BD9E848BA06}.AppStore|iPhone.ActiveCfg = Release|Any CPU
		{3EFD4B89-0CE6-4437-8A41-0BD9E848BA06}.AppStore|iPhone.Build.0 = Release|Any CPU
		{3EFD4B89-0CE6-4437-8A41-0BD9E848BA06}.AppStore|iPhone.Deploy.0 = Release|Any CPU
		{3EFD4B89-0CE6-4437-8A41-0BD9E848BA06}.AppStore|iPhoneSimulator.ActiveCfg = Release|Any CPU
		{3EFD4B89-0CE6-4437-8A41-0BD9E848BA06}.AppStore|iPhoneSimulator.Build.0 = Release|Any CPU
		{3EFD4B89-0CE6-4437-8A41-0BD9E848BA06}.AppStore|iPhoneSimulator.Deploy.0 = Release|Any CPU
		{3EFD4B89-0CE6-4437-8A41-0BD9E848BA06}.AppStore|x64.ActiveCfg = Release|Any CPU
		{3EFD4B89-0CE6-4437-8A41-0BD9E848BA06}.AppStore|x64.Build.0 = Release|Any CPU
		{3EFD4B89-0CE6-4437-8A41-0BD9E848BA06}.AppStore|x64.Deploy.0 = Release|Any CPU
		{3EFD4B89-0CE6-4437-8A41-0BD9E848BA06}.AppStore|x86.ActiveCfg = Release|x86
		{3EFD4B89-0CE6-4437-8A41-0BD9E848BA06}.AppStore|x86.Build.0 = Release|x86
		{3EFD4B89-0CE6-4437-8A41-0BD9E848BA06}.AppStore|x86.Deploy.0 = Release|x86
		{3EFD4B89-0CE6-4437-8A41-0BD9E848BA06}.Debug|Any CPU.ActiveCfg = Debug|Any CPU
		{3EFD4B89-0CE6-4437-8A41-0BD9E848BA06}.Debug|Any CPU.Build.0 = Debug|Any CPU
		{3EFD4B89-0CE6-4437-8A41-0BD9E848BA06}.Debug|Any CPU.Deploy.0 = Debug|Any CPU
		{3EFD4B89-0CE6-4437-8A41-0BD9E848BA06}.Debug|ARM.ActiveCfg = Debug|ARM
		{3EFD4B89-0CE6-4437-8A41-0BD9E848BA06}.Debug|ARM.Build.0 = Debug|ARM
		{3EFD4B89-0CE6-4437-8A41-0BD9E848BA06}.Debug|ARM.Deploy.0 = Debug|ARM
		{3EFD4B89-0CE6-4437-8A41-0BD9E848BA06}.Debug|iPhone.ActiveCfg = Debug|Any CPU
		{3EFD4B89-0CE6-4437-8A41-0BD9E848BA06}.Debug|iPhone.Build.0 = Debug|Any CPU
		{3EFD4B89-0CE6-4437-8A41-0BD9E848BA06}.Debug|iPhone.Deploy.0 = Debug|Any CPU
		{3EFD4B89-0CE6-4437-8A41-0BD9E848BA06}.Debug|iPhoneSimulator.ActiveCfg = Debug|Any CPU
		{3EFD4B89-0CE6-4437-8A41-0BD9E848BA06}.Debug|iPhoneSimulator.Build.0 = Debug|Any CPU
		{3EFD4B89-0CE6-4437-8A41-0BD9E848BA06}.Debug|iPhoneSimulator.Deploy.0 = Debug|Any CPU
		{3EFD4B89-0CE6-4437-8A41-0BD9E848BA06}.Debug|x64.ActiveCfg = Debug|Any CPU
		{3EFD4B89-0CE6-4437-8A41-0BD9E848BA06}.Debug|x86.ActiveCfg = Debug|x86
		{3EFD4B89-0CE6-4437-8A41-0BD9E848BA06}.Debug|x86.Build.0 = Debug|x86
		{3EFD4B89-0CE6-4437-8A41-0BD9E848BA06}.Debug|x86.Deploy.0 = Debug|x86
		{3EFD4B89-0CE6-4437-8A41-0BD9E848BA06}.Release|Any CPU.ActiveCfg = Release|Any CPU
		{3EFD4B89-0CE6-4437-8A41-0BD9E848BA06}.Release|Any CPU.Build.0 = Release|Any CPU
		{3EFD4B89-0CE6-4437-8A41-0BD9E848BA06}.Release|Any CPU.Deploy.0 = Release|Any CPU
		{3EFD4B89-0CE6-4437-8A41-0BD9E848BA06}.Release|ARM.ActiveCfg = Release|ARM
		{3EFD4B89-0CE6-4437-8A41-0BD9E848BA06}.Release|ARM.Build.0 = Release|ARM
		{3EFD4B89-0CE6-4437-8A41-0BD9E848BA06}.Release|ARM.Deploy.0 = Release|ARM
		{3EFD4B89-0CE6-4437-8A41-0BD9E848BA06}.Release|iPhone.ActiveCfg = Release|Any CPU
		{3EFD4B89-0CE6-4437-8A41-0BD9E848BA06}.Release|iPhone.Build.0 = Release|Any CPU
		{3EFD4B89-0CE6-4437-8A41-0BD9E848BA06}.Release|iPhone.Deploy.0 = Release|Any CPU
		{3EFD4B89-0CE6-4437-8A41-0BD9E848BA06}.Release|iPhoneSimulator.ActiveCfg = Release|Any CPU
		{3EFD4B89-0CE6-4437-8A41-0BD9E848BA06}.Release|iPhoneSimulator.Build.0 = Release|Any CPU
		{3EFD4B89-0CE6-4437-8A41-0BD9E848BA06}.Release|iPhoneSimulator.Deploy.0 = Release|Any CPU
		{3EFD4B89-0CE6-4437-8A41-0BD9E848BA06}.Release|x64.ActiveCfg = Release|Any CPU
		{3EFD4B89-0CE6-4437-8A41-0BD9E848BA06}.Release|x64.Build.0 = Release|Any CPU
		{3EFD4B89-0CE6-4437-8A41-0BD9E848BA06}.Release|x64.Deploy.0 = Release|Any CPU
		{3EFD4B89-0CE6-4437-8A41-0BD9E848BA06}.Release|x86.ActiveCfg = Release|x86
		{3EFD4B89-0CE6-4437-8A41-0BD9E848BA06}.Release|x86.Build.0 = Release|x86
		{3EFD4B89-0CE6-4437-8A41-0BD9E848BA06}.Release|x86.Deploy.0 = Release|x86
		{EA607D32-59A8-4C3F-82EB-27036A460699}.Ad-Hoc|Any CPU.ActiveCfg = Release|x86
		{EA607D32-59A8-4C3F-82EB-27036A460699}.Ad-Hoc|Any CPU.Build.0 = Release|x86
		{EA607D32-59A8-4C3F-82EB-27036A460699}.Ad-Hoc|Any CPU.Deploy.0 = Release|x86
		{EA607D32-59A8-4C3F-82EB-27036A460699}.Ad-Hoc|ARM.ActiveCfg = Release|ARM
		{EA607D32-59A8-4C3F-82EB-27036A460699}.Ad-Hoc|ARM.Build.0 = Release|ARM
		{EA607D32-59A8-4C3F-82EB-27036A460699}.Ad-Hoc|ARM.Deploy.0 = Release|ARM
		{EA607D32-59A8-4C3F-82EB-27036A460699}.Ad-Hoc|iPhone.ActiveCfg = Release|x86
		{EA607D32-59A8-4C3F-82EB-27036A460699}.Ad-Hoc|iPhone.Build.0 = Release|x86
		{EA607D32-59A8-4C3F-82EB-27036A460699}.Ad-Hoc|iPhone.Deploy.0 = Release|x86
		{EA607D32-59A8-4C3F-82EB-27036A460699}.Ad-Hoc|iPhoneSimulator.ActiveCfg = Release|x86
		{EA607D32-59A8-4C3F-82EB-27036A460699}.Ad-Hoc|iPhoneSimulator.Build.0 = Release|x86
		{EA607D32-59A8-4C3F-82EB-27036A460699}.Ad-Hoc|iPhoneSimulator.Deploy.0 = Release|x86
		{EA607D32-59A8-4C3F-82EB-27036A460699}.Ad-Hoc|x64.ActiveCfg = Release|x64
		{EA607D32-59A8-4C3F-82EB-27036A460699}.Ad-Hoc|x64.Build.0 = Release|x64
		{EA607D32-59A8-4C3F-82EB-27036A460699}.Ad-Hoc|x64.Deploy.0 = Release|x64
		{EA607D32-59A8-4C3F-82EB-27036A460699}.Ad-Hoc|x86.ActiveCfg = Release|x86
		{EA607D32-59A8-4C3F-82EB-27036A460699}.Ad-Hoc|x86.Build.0 = Release|x86
		{EA607D32-59A8-4C3F-82EB-27036A460699}.Ad-Hoc|x86.Deploy.0 = Release|x86
		{EA607D32-59A8-4C3F-82EB-27036A460699}.AppStore|Any CPU.ActiveCfg = Release|x86
		{EA607D32-59A8-4C3F-82EB-27036A460699}.AppStore|Any CPU.Build.0 = Release|x86
		{EA607D32-59A8-4C3F-82EB-27036A460699}.AppStore|Any CPU.Deploy.0 = Release|x86
		{EA607D32-59A8-4C3F-82EB-27036A460699}.AppStore|ARM.ActiveCfg = Release|ARM
		{EA607D32-59A8-4C3F-82EB-27036A460699}.AppStore|ARM.Build.0 = Release|ARM
		{EA607D32-59A8-4C3F-82EB-27036A460699}.AppStore|ARM.Deploy.0 = Release|ARM
		{EA607D32-59A8-4C3F-82EB-27036A460699}.AppStore|iPhone.ActiveCfg = Release|x86
		{EA607D32-59A8-4C3F-82EB-27036A460699}.AppStore|iPhone.Build.0 = Release|x86
		{EA607D32-59A8-4C3F-82EB-27036A460699}.AppStore|iPhone.Deploy.0 = Release|x86
		{EA607D32-59A8-4C3F-82EB-27036A460699}.AppStore|iPhoneSimulator.ActiveCfg = Release|x86
		{EA607D32-59A8-4C3F-82EB-27036A460699}.AppStore|iPhoneSimulator.Build.0 = Release|x86
		{EA607D32-59A8-4C3F-82EB-27036A460699}.AppStore|iPhoneSimulator.Deploy.0 = Release|x86
		{EA607D32-59A8-4C3F-82EB-27036A460699}.AppStore|x64.ActiveCfg = Release|x64
		{EA607D32-59A8-4C3F-82EB-27036A460699}.AppStore|x64.Build.0 = Release|x64
		{EA607D32-59A8-4C3F-82EB-27036A460699}.AppStore|x64.Deploy.0 = Release|x64
		{EA607D32-59A8-4C3F-82EB-27036A460699}.AppStore|x86.ActiveCfg = Release|x86
		{EA607D32-59A8-4C3F-82EB-27036A460699}.AppStore|x86.Build.0 = Release|x86
		{EA607D32-59A8-4C3F-82EB-27036A460699}.AppStore|x86.Deploy.0 = Release|x86
		{EA607D32-59A8-4C3F-82EB-27036A460699}.Debug|Any CPU.ActiveCfg = Debug|x86
		{EA607D32-59A8-4C3F-82EB-27036A460699}.Debug|Any CPU.Build.0 = Debug|x86
		{EA607D32-59A8-4C3F-82EB-27036A460699}.Debug|Any CPU.Deploy.0 = Debug|x86
		{EA607D32-59A8-4C3F-82EB-27036A460699}.Debug|ARM.ActiveCfg = Debug|ARM
		{EA607D32-59A8-4C3F-82EB-27036A460699}.Debug|ARM.Build.0 = Debug|ARM
		{EA607D32-59A8-4C3F-82EB-27036A460699}.Debug|ARM.Deploy.0 = Debug|ARM
		{EA607D32-59A8-4C3F-82EB-27036A460699}.Debug|iPhone.ActiveCfg = Debug|x86
		{EA607D32-59A8-4C3F-82EB-27036A460699}.Debug|iPhoneSimulator.ActiveCfg = Debug|x86
		{EA607D32-59A8-4C3F-82EB-27036A460699}.Debug|x64.ActiveCfg = Debug|x64
		{EA607D32-59A8-4C3F-82EB-27036A460699}.Debug|x64.Build.0 = Debug|x64
		{EA607D32-59A8-4C3F-82EB-27036A460699}.Debug|x64.Deploy.0 = Debug|x64
		{EA607D32-59A8-4C3F-82EB-27036A460699}.Debug|x86.ActiveCfg = Debug|x86
		{EA607D32-59A8-4C3F-82EB-27036A460699}.Debug|x86.Build.0 = Debug|x86
		{EA607D32-59A8-4C3F-82EB-27036A460699}.Debug|x86.Deploy.0 = Debug|x86
		{EA607D32-59A8-4C3F-82EB-27036A460699}.Release|Any CPU.ActiveCfg = Release|x86
		{EA607D32-59A8-4C3F-82EB-27036A460699}.Release|ARM.ActiveCfg = Release|ARM
		{EA607D32-59A8-4C3F-82EB-27036A460699}.Release|ARM.Build.0 = Release|ARM
		{EA607D32-59A8-4C3F-82EB-27036A460699}.Release|ARM.Deploy.0 = Release|ARM
		{EA607D32-59A8-4C3F-82EB-27036A460699}.Release|iPhone.ActiveCfg = Release|x86
		{EA607D32-59A8-4C3F-82EB-27036A460699}.Release|iPhoneSimulator.ActiveCfg = Release|x86
		{EA607D32-59A8-4C3F-82EB-27036A460699}.Release|x64.ActiveCfg = Release|x64
		{EA607D32-59A8-4C3F-82EB-27036A460699}.Release|x64.Build.0 = Release|x64
		{EA607D32-59A8-4C3F-82EB-27036A460699}.Release|x64.Deploy.0 = Release|x64
		{EA607D32-59A8-4C3F-82EB-27036A460699}.Release|x86.ActiveCfg = Release|x86
		{EA607D32-59A8-4C3F-82EB-27036A460699}.Release|x86.Build.0 = Release|x86
		{EA607D32-59A8-4C3F-82EB-27036A460699}.Release|x86.Deploy.0 = Release|x86
		{1E2C53E5-AD39-49E3-A9FE-915CE9F7E2CB}.Ad-Hoc|Any CPU.ActiveCfg = Release|Any CPU
		{1E2C53E5-AD39-49E3-A9FE-915CE9F7E2CB}.Ad-Hoc|Any CPU.Build.0 = Release|Any CPU
		{1E2C53E5-AD39-49E3-A9FE-915CE9F7E2CB}.Ad-Hoc|ARM.ActiveCfg = Release|Any CPU
		{1E2C53E5-AD39-49E3-A9FE-915CE9F7E2CB}.Ad-Hoc|ARM.Build.0 = Release|Any CPU
		{1E2C53E5-AD39-49E3-A9FE-915CE9F7E2CB}.Ad-Hoc|iPhone.ActiveCfg = Release|Any CPU
		{1E2C53E5-AD39-49E3-A9FE-915CE9F7E2CB}.Ad-Hoc|iPhone.Build.0 = Release|Any CPU
		{1E2C53E5-AD39-49E3-A9FE-915CE9F7E2CB}.Ad-Hoc|iPhoneSimulator.ActiveCfg = Release|Any CPU
		{1E2C53E5-AD39-49E3-A9FE-915CE9F7E2CB}.Ad-Hoc|iPhoneSimulator.Build.0 = Release|Any CPU
		{1E2C53E5-AD39-49E3-A9FE-915CE9F7E2CB}.Ad-Hoc|x64.ActiveCfg = Release|Any CPU
		{1E2C53E5-AD39-49E3-A9FE-915CE9F7E2CB}.Ad-Hoc|x64.Build.0 = Release|Any CPU
		{1E2C53E5-AD39-49E3-A9FE-915CE9F7E2CB}.Ad-Hoc|x86.ActiveCfg = Release|Any CPU
		{1E2C53E5-AD39-49E3-A9FE-915CE9F7E2CB}.Ad-Hoc|x86.Build.0 = Release|Any CPU
		{1E2C53E5-AD39-49E3-A9FE-915CE9F7E2CB}.AppStore|Any CPU.ActiveCfg = Release|Any CPU
		{1E2C53E5-AD39-49E3-A9FE-915CE9F7E2CB}.AppStore|Any CPU.Build.0 = Release|Any CPU
		{1E2C53E5-AD39-49E3-A9FE-915CE9F7E2CB}.AppStore|ARM.ActiveCfg = Release|Any CPU
		{1E2C53E5-AD39-49E3-A9FE-915CE9F7E2CB}.AppStore|ARM.Build.0 = Release|Any CPU
		{1E2C53E5-AD39-49E3-A9FE-915CE9F7E2CB}.AppStore|iPhone.ActiveCfg = Release|Any CPU
		{1E2C53E5-AD39-49E3-A9FE-915CE9F7E2CB}.AppStore|iPhone.Build.0 = Release|Any CPU
		{1E2C53E5-AD39-49E3-A9FE-915CE9F7E2CB}.AppStore|iPhoneSimulator.ActiveCfg = Release|Any CPU
		{1E2C53E5-AD39-49E3-A9FE-915CE9F7E2CB}.AppStore|iPhoneSimulator.Build.0 = Release|Any CPU
		{1E2C53E5-AD39-49E3-A9FE-915CE9F7E2CB}.AppStore|x64.ActiveCfg = Release|Any CPU
		{1E2C53E5-AD39-49E3-A9FE-915CE9F7E2CB}.AppStore|x64.Build.0 = Release|Any CPU
		{1E2C53E5-AD39-49E3-A9FE-915CE9F7E2CB}.AppStore|x86.ActiveCfg = Release|Any CPU
		{1E2C53E5-AD39-49E3-A9FE-915CE9F7E2CB}.AppStore|x86.Build.0 = Release|Any CPU
		{1E2C53E5-AD39-49E3-A9FE-915CE9F7E2CB}.Debug|Any CPU.ActiveCfg = Debug|Any CPU
		{1E2C53E5-AD39-49E3-A9FE-915CE9F7E2CB}.Debug|Any CPU.Build.0 = Debug|Any CPU
		{1E2C53E5-AD39-49E3-A9FE-915CE9F7E2CB}.Debug|ARM.ActiveCfg = Debug|Any CPU
		{1E2C53E5-AD39-49E3-A9FE-915CE9F7E2CB}.Debug|ARM.Build.0 = Debug|Any CPU
		{1E2C53E5-AD39-49E3-A9FE-915CE9F7E2CB}.Debug|iPhone.ActiveCfg = Debug|Any CPU
		{1E2C53E5-AD39-49E3-A9FE-915CE9F7E2CB}.Debug|iPhone.Build.0 = Debug|Any CPU
		{1E2C53E5-AD39-49E3-A9FE-915CE9F7E2CB}.Debug|iPhoneSimulator.ActiveCfg = Debug|Any CPU
		{1E2C53E5-AD39-49E3-A9FE-915CE9F7E2CB}.Debug|iPhoneSimulator.Build.0 = Debug|Any CPU
		{1E2C53E5-AD39-49E3-A9FE-915CE9F7E2CB}.Debug|x64.ActiveCfg = Debug|Any CPU
		{1E2C53E5-AD39-49E3-A9FE-915CE9F7E2CB}.Debug|x64.Build.0 = Debug|Any CPU
		{1E2C53E5-AD39-49E3-A9FE-915CE9F7E2CB}.Debug|x86.ActiveCfg = Debug|Any CPU
		{1E2C53E5-AD39-49E3-A9FE-915CE9F7E2CB}.Debug|x86.Build.0 = Debug|Any CPU
		{1E2C53E5-AD39-49E3-A9FE-915CE9F7E2CB}.Release|Any CPU.ActiveCfg = Release|Any CPU
		{1E2C53E5-AD39-49E3-A9FE-915CE9F7E2CB}.Release|Any CPU.Build.0 = Release|Any CPU
		{1E2C53E5-AD39-49E3-A9FE-915CE9F7E2CB}.Release|ARM.ActiveCfg = Release|Any CPU
		{1E2C53E5-AD39-49E3-A9FE-915CE9F7E2CB}.Release|ARM.Build.0 = Release|Any CPU
		{1E2C53E5-AD39-49E3-A9FE-915CE9F7E2CB}.Release|iPhone.ActiveCfg = Release|Any CPU
		{1E2C53E5-AD39-49E3-A9FE-915CE9F7E2CB}.Release|iPhone.Build.0 = Release|Any CPU
		{1E2C53E5-AD39-49E3-A9FE-915CE9F7E2CB}.Release|iPhoneSimulator.ActiveCfg = Release|Any CPU
		{1E2C53E5-AD39-49E3-A9FE-915CE9F7E2CB}.Release|iPhoneSimulator.Build.0 = Release|Any CPU
		{1E2C53E5-AD39-49E3-A9FE-915CE9F7E2CB}.Release|x64.ActiveCfg = Release|Any CPU
		{1E2C53E5-AD39-49E3-A9FE-915CE9F7E2CB}.Release|x64.Build.0 = Release|Any CPU
		{1E2C53E5-AD39-49E3-A9FE-915CE9F7E2CB}.Release|x86.ActiveCfg = Release|Any CPU
		{1E2C53E5-AD39-49E3-A9FE-915CE9F7E2CB}.Release|x86.Build.0 = Release|Any CPU
		{007557DB-2CA0-4114-9709-62C439A130B9}.Ad-Hoc|Any CPU.ActiveCfg = Release|Any CPU
		{007557DB-2CA0-4114-9709-62C439A130B9}.Ad-Hoc|Any CPU.Build.0 = Release|Any CPU
		{007557DB-2CA0-4114-9709-62C439A130B9}.Ad-Hoc|ARM.ActiveCfg = Release|Any CPU
		{007557DB-2CA0-4114-9709-62C439A130B9}.Ad-Hoc|ARM.Build.0 = Release|Any CPU
		{007557DB-2CA0-4114-9709-62C439A130B9}.Ad-Hoc|iPhone.ActiveCfg = Release|Any CPU
		{007557DB-2CA0-4114-9709-62C439A130B9}.Ad-Hoc|iPhone.Build.0 = Release|Any CPU
		{007557DB-2CA0-4114-9709-62C439A130B9}.Ad-Hoc|iPhoneSimulator.ActiveCfg = Release|Any CPU
		{007557DB-2CA0-4114-9709-62C439A130B9}.Ad-Hoc|iPhoneSimulator.Build.0 = Release|Any CPU
		{007557DB-2CA0-4114-9709-62C439A130B9}.Ad-Hoc|x64.ActiveCfg = Release|Any CPU
		{007557DB-2CA0-4114-9709-62C439A130B9}.Ad-Hoc|x64.Build.0 = Release|Any CPU
		{007557DB-2CA0-4114-9709-62C439A130B9}.Ad-Hoc|x86.ActiveCfg = Release|Any CPU
		{007557DB-2CA0-4114-9709-62C439A130B9}.Ad-Hoc|x86.Build.0 = Release|Any CPU
		{007557DB-2CA0-4114-9709-62C439A130B9}.AppStore|Any CPU.ActiveCfg = Release|Any CPU
		{007557DB-2CA0-4114-9709-62C439A130B9}.AppStore|Any CPU.Build.0 = Release|Any CPU
		{007557DB-2CA0-4114-9709-62C439A130B9}.AppStore|ARM.ActiveCfg = Release|Any CPU
		{007557DB-2CA0-4114-9709-62C439A130B9}.AppStore|ARM.Build.0 = Release|Any CPU
		{007557DB-2CA0-4114-9709-62C439A130B9}.AppStore|iPhone.ActiveCfg = Release|Any CPU
		{007557DB-2CA0-4114-9709-62C439A130B9}.AppStore|iPhone.Build.0 = Release|Any CPU
		{007557DB-2CA0-4114-9709-62C439A130B9}.AppStore|iPhoneSimulator.ActiveCfg = Release|Any CPU
		{007557DB-2CA0-4114-9709-62C439A130B9}.AppStore|iPhoneSimulator.Build.0 = Release|Any CPU
		{007557DB-2CA0-4114-9709-62C439A130B9}.AppStore|x64.ActiveCfg = Release|Any CPU
		{007557DB-2CA0-4114-9709-62C439A130B9}.AppStore|x64.Build.0 = Release|Any CPU
		{007557DB-2CA0-4114-9709-62C439A130B9}.AppStore|x86.ActiveCfg = Release|Any CPU
		{007557DB-2CA0-4114-9709-62C439A130B9}.AppStore|x86.Build.0 = Release|Any CPU
		{007557DB-2CA0-4114-9709-62C439A130B9}.Debug|Any CPU.ActiveCfg = Debug|Any CPU
		{007557DB-2CA0-4114-9709-62C439A130B9}.Debug|Any CPU.Build.0 = Debug|Any CPU
		{007557DB-2CA0-4114-9709-62C439A130B9}.Debug|ARM.ActiveCfg = Debug|Any CPU
		{007557DB-2CA0-4114-9709-62C439A130B9}.Debug|ARM.Build.0 = Debug|Any CPU
		{007557DB-2CA0-4114-9709-62C439A130B9}.Debug|iPhone.ActiveCfg = Debug|Any CPU
		{007557DB-2CA0-4114-9709-62C439A130B9}.Debug|iPhone.Build.0 = Debug|Any CPU
		{007557DB-2CA0-4114-9709-62C439A130B9}.Debug|iPhoneSimulator.ActiveCfg = Debug|Any CPU
		{007557DB-2CA0-4114-9709-62C439A130B9}.Debug|iPhoneSimulator.Build.0 = Debug|Any CPU
		{007557DB-2CA0-4114-9709-62C439A130B9}.Debug|x64.ActiveCfg = Debug|Any CPU
		{007557DB-2CA0-4114-9709-62C439A130B9}.Debug|x64.Build.0 = Debug|Any CPU
		{007557DB-2CA0-4114-9709-62C439A130B9}.Debug|x86.ActiveCfg = Debug|Any CPU
		{007557DB-2CA0-4114-9709-62C439A130B9}.Debug|x86.Build.0 = Debug|Any CPU
		{007557DB-2CA0-4114-9709-62C439A130B9}.Release|Any CPU.ActiveCfg = Release|Any CPU
		{007557DB-2CA0-4114-9709-62C439A130B9}.Release|Any CPU.Build.0 = Release|Any CPU
		{007557DB-2CA0-4114-9709-62C439A130B9}.Release|ARM.ActiveCfg = Release|Any CPU
		{007557DB-2CA0-4114-9709-62C439A130B9}.Release|ARM.Build.0 = Release|Any CPU
		{007557DB-2CA0-4114-9709-62C439A130B9}.Release|iPhone.ActiveCfg = Release|Any CPU
		{007557DB-2CA0-4114-9709-62C439A130B9}.Release|iPhone.Build.0 = Release|Any CPU
		{007557DB-2CA0-4114-9709-62C439A130B9}.Release|iPhoneSimulator.ActiveCfg = Release|Any CPU
		{007557DB-2CA0-4114-9709-62C439A130B9}.Release|iPhoneSimulator.Build.0 = Release|Any CPU
		{007557DB-2CA0-4114-9709-62C439A130B9}.Release|x64.ActiveCfg = Release|Any CPU
		{007557DB-2CA0-4114-9709-62C439A130B9}.Release|x64.Build.0 = Release|Any CPU
		{007557DB-2CA0-4114-9709-62C439A130B9}.Release|x86.ActiveCfg = Release|Any CPU
		{007557DB-2CA0-4114-9709-62C439A130B9}.Release|x86.Build.0 = Release|Any CPU
		{A6FCEF44-D2BA-42C7-B3CB-13667BCD7B54}.Ad-Hoc|Any CPU.ActiveCfg = Release|Any CPU
		{A6FCEF44-D2BA-42C7-B3CB-13667BCD7B54}.Ad-Hoc|Any CPU.Build.0 = Release|Any CPU
		{A6FCEF44-D2BA-42C7-B3CB-13667BCD7B54}.Ad-Hoc|ARM.ActiveCfg = Release|Any CPU
		{A6FCEF44-D2BA-42C7-B3CB-13667BCD7B54}.Ad-Hoc|ARM.Build.0 = Release|Any CPU
		{A6FCEF44-D2BA-42C7-B3CB-13667BCD7B54}.Ad-Hoc|iPhone.ActiveCfg = Release|Any CPU
		{A6FCEF44-D2BA-42C7-B3CB-13667BCD7B54}.Ad-Hoc|iPhone.Build.0 = Release|Any CPU
		{A6FCEF44-D2BA-42C7-B3CB-13667BCD7B54}.Ad-Hoc|iPhoneSimulator.ActiveCfg = Release|Any CPU
		{A6FCEF44-D2BA-42C7-B3CB-13667BCD7B54}.Ad-Hoc|iPhoneSimulator.Build.0 = Release|Any CPU
		{A6FCEF44-D2BA-42C7-B3CB-13667BCD7B54}.Ad-Hoc|x64.ActiveCfg = Release|Any CPU
		{A6FCEF44-D2BA-42C7-B3CB-13667BCD7B54}.Ad-Hoc|x64.Build.0 = Release|Any CPU
		{A6FCEF44-D2BA-42C7-B3CB-13667BCD7B54}.Ad-Hoc|x86.ActiveCfg = Release|Any CPU
		{A6FCEF44-D2BA-42C7-B3CB-13667BCD7B54}.Ad-Hoc|x86.Build.0 = Release|Any CPU
		{A6FCEF44-D2BA-42C7-B3CB-13667BCD7B54}.AppStore|Any CPU.ActiveCfg = Release|Any CPU
		{A6FCEF44-D2BA-42C7-B3CB-13667BCD7B54}.AppStore|Any CPU.Build.0 = Release|Any CPU
		{A6FCEF44-D2BA-42C7-B3CB-13667BCD7B54}.AppStore|ARM.ActiveCfg = Release|Any CPU
		{A6FCEF44-D2BA-42C7-B3CB-13667BCD7B54}.AppStore|ARM.Build.0 = Release|Any CPU
		{A6FCEF44-D2BA-42C7-B3CB-13667BCD7B54}.AppStore|iPhone.ActiveCfg = Release|Any CPU
		{A6FCEF44-D2BA-42C7-B3CB-13667BCD7B54}.AppStore|iPhone.Build.0 = Release|Any CPU
		{A6FCEF44-D2BA-42C7-B3CB-13667BCD7B54}.AppStore|iPhoneSimulator.ActiveCfg = Release|Any CPU
		{A6FCEF44-D2BA-42C7-B3CB-13667BCD7B54}.AppStore|iPhoneSimulator.Build.0 = Release|Any CPU
		{A6FCEF44-D2BA-42C7-B3CB-13667BCD7B54}.AppStore|x64.ActiveCfg = Release|Any CPU
		{A6FCEF44-D2BA-42C7-B3CB-13667BCD7B54}.AppStore|x64.Build.0 = Release|Any CPU
		{A6FCEF44-D2BA-42C7-B3CB-13667BCD7B54}.AppStore|x86.ActiveCfg = Release|Any CPU
		{A6FCEF44-D2BA-42C7-B3CB-13667BCD7B54}.AppStore|x86.Build.0 = Release|Any CPU
		{A6FCEF44-D2BA-42C7-B3CB-13667BCD7B54}.Debug|Any CPU.ActiveCfg = Debug|Any CPU
		{A6FCEF44-D2BA-42C7-B3CB-13667BCD7B54}.Debug|Any CPU.Build.0 = Debug|Any CPU
		{A6FCEF44-D2BA-42C7-B3CB-13667BCD7B54}.Debug|ARM.ActiveCfg = Debug|Any CPU
		{A6FCEF44-D2BA-42C7-B3CB-13667BCD7B54}.Debug|ARM.Build.0 = Debug|Any CPU
		{A6FCEF44-D2BA-42C7-B3CB-13667BCD7B54}.Debug|iPhone.ActiveCfg = Debug|Any CPU
		{A6FCEF44-D2BA-42C7-B3CB-13667BCD7B54}.Debug|iPhone.Build.0 = Debug|Any CPU
		{A6FCEF44-D2BA-42C7-B3CB-13667BCD7B54}.Debug|iPhoneSimulator.ActiveCfg = Debug|Any CPU
		{A6FCEF44-D2BA-42C7-B3CB-13667BCD7B54}.Debug|iPhoneSimulator.Build.0 = Debug|Any CPU
		{A6FCEF44-D2BA-42C7-B3CB-13667BCD7B54}.Debug|x64.ActiveCfg = Debug|Any CPU
		{A6FCEF44-D2BA-42C7-B3CB-13667BCD7B54}.Debug|x64.Build.0 = Debug|Any CPU
		{A6FCEF44-D2BA-42C7-B3CB-13667BCD7B54}.Debug|x86.ActiveCfg = Debug|Any CPU
		{A6FCEF44-D2BA-42C7-B3CB-13667BCD7B54}.Debug|x86.Build.0 = Debug|Any CPU
		{A6FCEF44-D2BA-42C7-B3CB-13667BCD7B54}.Release|Any CPU.ActiveCfg = Release|Any CPU
		{A6FCEF44-D2BA-42C7-B3CB-13667BCD7B54}.Release|Any CPU.Build.0 = Release|Any CPU
		{A6FCEF44-D2BA-42C7-B3CB-13667BCD7B54}.Release|ARM.ActiveCfg = Release|Any CPU
		{A6FCEF44-D2BA-42C7-B3CB-13667BCD7B54}.Release|ARM.Build.0 = Release|Any CPU
		{A6FCEF44-D2BA-42C7-B3CB-13667BCD7B54}.Release|iPhone.ActiveCfg = Release|Any CPU
		{A6FCEF44-D2BA-42C7-B3CB-13667BCD7B54}.Release|iPhone.Build.0 = Release|Any CPU
		{A6FCEF44-D2BA-42C7-B3CB-13667BCD7B54}.Release|iPhoneSimulator.ActiveCfg = Release|Any CPU
		{A6FCEF44-D2BA-42C7-B3CB-13667BCD7B54}.Release|iPhoneSimulator.Build.0 = Release|Any CPU
		{A6FCEF44-D2BA-42C7-B3CB-13667BCD7B54}.Release|x64.ActiveCfg = Release|Any CPU
		{A6FCEF44-D2BA-42C7-B3CB-13667BCD7B54}.Release|x64.Build.0 = Release|Any CPU
		{A6FCEF44-D2BA-42C7-B3CB-13667BCD7B54}.Release|x86.ActiveCfg = Release|Any CPU
		{A6FCEF44-D2BA-42C7-B3CB-13667BCD7B54}.Release|x86.Build.0 = Release|Any CPU
		{6EDB0588-FFC5-4EF5-8A99-9E241D0F878D}.Ad-Hoc|Any CPU.ActiveCfg = Release|Any CPU
		{6EDB0588-FFC5-4EF5-8A99-9E241D0F878D}.Ad-Hoc|Any CPU.Build.0 = Release|Any CPU
		{6EDB0588-FFC5-4EF5-8A99-9E241D0F878D}.Ad-Hoc|ARM.ActiveCfg = Release|Any CPU
		{6EDB0588-FFC5-4EF5-8A99-9E241D0F878D}.Ad-Hoc|ARM.Build.0 = Release|Any CPU
		{6EDB0588-FFC5-4EF5-8A99-9E241D0F878D}.Ad-Hoc|iPhone.ActiveCfg = Release|Any CPU
		{6EDB0588-FFC5-4EF5-8A99-9E241D0F878D}.Ad-Hoc|iPhone.Build.0 = Release|Any CPU
		{6EDB0588-FFC5-4EF5-8A99-9E241D0F878D}.Ad-Hoc|iPhoneSimulator.ActiveCfg = Release|Any CPU
		{6EDB0588-FFC5-4EF5-8A99-9E241D0F878D}.Ad-Hoc|iPhoneSimulator.Build.0 = Release|Any CPU
		{6EDB0588-FFC5-4EF5-8A99-9E241D0F878D}.Ad-Hoc|x64.ActiveCfg = Release|Any CPU
		{6EDB0588-FFC5-4EF5-8A99-9E241D0F878D}.Ad-Hoc|x64.Build.0 = Release|Any CPU
		{6EDB0588-FFC5-4EF5-8A99-9E241D0F878D}.Ad-Hoc|x86.ActiveCfg = Release|Any CPU
		{6EDB0588-FFC5-4EF5-8A99-9E241D0F878D}.Ad-Hoc|x86.Build.0 = Release|Any CPU
		{6EDB0588-FFC5-4EF5-8A99-9E241D0F878D}.AppStore|Any CPU.ActiveCfg = Release|Any CPU
		{6EDB0588-FFC5-4EF5-8A99-9E241D0F878D}.AppStore|Any CPU.Build.0 = Release|Any CPU
		{6EDB0588-FFC5-4EF5-8A99-9E241D0F878D}.AppStore|ARM.ActiveCfg = Release|Any CPU
		{6EDB0588-FFC5-4EF5-8A99-9E241D0F878D}.AppStore|ARM.Build.0 = Release|Any CPU
		{6EDB0588-FFC5-4EF5-8A99-9E241D0F878D}.AppStore|iPhone.ActiveCfg = Release|Any CPU
		{6EDB0588-FFC5-4EF5-8A99-9E241D0F878D}.AppStore|iPhone.Build.0 = Release|Any CPU
		{6EDB0588-FFC5-4EF5-8A99-9E241D0F878D}.AppStore|iPhoneSimulator.ActiveCfg = Release|Any CPU
		{6EDB0588-FFC5-4EF5-8A99-9E241D0F878D}.AppStore|iPhoneSimulator.Build.0 = Release|Any CPU
		{6EDB0588-FFC5-4EF5-8A99-9E241D0F878D}.AppStore|x64.ActiveCfg = Release|Any CPU
		{6EDB0588-FFC5-4EF5-8A99-9E241D0F878D}.AppStore|x64.Build.0 = Release|Any CPU
		{6EDB0588-FFC5-4EF5-8A99-9E241D0F878D}.AppStore|x86.ActiveCfg = Release|Any CPU
		{6EDB0588-FFC5-4EF5-8A99-9E241D0F878D}.AppStore|x86.Build.0 = Release|Any CPU
		{6EDB0588-FFC5-4EF5-8A99-9E241D0F878D}.Debug|Any CPU.ActiveCfg = Debug|Any CPU
		{6EDB0588-FFC5-4EF5-8A99-9E241D0F878D}.Debug|Any CPU.Build.0 = Debug|Any CPU
		{6EDB0588-FFC5-4EF5-8A99-9E241D0F878D}.Debug|ARM.ActiveCfg = Debug|Any CPU
		{6EDB0588-FFC5-4EF5-8A99-9E241D0F878D}.Debug|ARM.Build.0 = Debug|Any CPU
		{6EDB0588-FFC5-4EF5-8A99-9E241D0F878D}.Debug|iPhone.ActiveCfg = Debug|Any CPU
		{6EDB0588-FFC5-4EF5-8A99-9E241D0F878D}.Debug|iPhone.Build.0 = Debug|Any CPU
		{6EDB0588-FFC5-4EF5-8A99-9E241D0F878D}.Debug|iPhoneSimulator.ActiveCfg = Debug|Any CPU
		{6EDB0588-FFC5-4EF5-8A99-9E241D0F878D}.Debug|iPhoneSimulator.Build.0 = Debug|Any CPU
		{6EDB0588-FFC5-4EF5-8A99-9E241D0F878D}.Debug|x64.ActiveCfg = Debug|Any CPU
		{6EDB0588-FFC5-4EF5-8A99-9E241D0F878D}.Debug|x64.Build.0 = Debug|Any CPU
		{6EDB0588-FFC5-4EF5-8A99-9E241D0F878D}.Debug|x86.ActiveCfg = Debug|Any CPU
		{6EDB0588-FFC5-4EF5-8A99-9E241D0F878D}.Debug|x86.Build.0 = Debug|Any CPU
		{6EDB0588-FFC5-4EF5-8A99-9E241D0F878D}.Release|Any CPU.ActiveCfg = Release|Any CPU
		{6EDB0588-FFC5-4EF5-8A99-9E241D0F878D}.Release|Any CPU.Build.0 = Release|Any CPU
		{6EDB0588-FFC5-4EF5-8A99-9E241D0F878D}.Release|ARM.ActiveCfg = Release|Any CPU
		{6EDB0588-FFC5-4EF5-8A99-9E241D0F878D}.Release|ARM.Build.0 = Release|Any CPU
		{6EDB0588-FFC5-4EF5-8A99-9E241D0F878D}.Release|iPhone.ActiveCfg = Release|Any CPU
		{6EDB0588-FFC5-4EF5-8A99-9E241D0F878D}.Release|iPhone.Build.0 = Release|Any CPU
		{6EDB0588-FFC5-4EF5-8A99-9E241D0F878D}.Release|iPhoneSimulator.ActiveCfg = Release|Any CPU
		{6EDB0588-FFC5-4EF5-8A99-9E241D0F878D}.Release|iPhoneSimulator.Build.0 = Release|Any CPU
		{6EDB0588-FFC5-4EF5-8A99-9E241D0F878D}.Release|x64.ActiveCfg = Release|Any CPU
		{6EDB0588-FFC5-4EF5-8A99-9E241D0F878D}.Release|x64.Build.0 = Release|Any CPU
		{6EDB0588-FFC5-4EF5-8A99-9E241D0F878D}.Release|x86.ActiveCfg = Release|Any CPU
		{6EDB0588-FFC5-4EF5-8A99-9E241D0F878D}.Release|x86.Build.0 = Release|Any CPU
		{56A56F17-7DE1-4CA1-9617-BF32E971AC84}.Ad-Hoc|Any CPU.ActiveCfg = Release|Any CPU
		{56A56F17-7DE1-4CA1-9617-BF32E971AC84}.Ad-Hoc|Any CPU.Build.0 = Release|Any CPU
		{56A56F17-7DE1-4CA1-9617-BF32E971AC84}.Ad-Hoc|ARM.ActiveCfg = Release|Any CPU
		{56A56F17-7DE1-4CA1-9617-BF32E971AC84}.Ad-Hoc|ARM.Build.0 = Release|Any CPU
		{56A56F17-7DE1-4CA1-9617-BF32E971AC84}.Ad-Hoc|iPhone.ActiveCfg = Release|Any CPU
		{56A56F17-7DE1-4CA1-9617-BF32E971AC84}.Ad-Hoc|iPhone.Build.0 = Release|Any CPU
		{56A56F17-7DE1-4CA1-9617-BF32E971AC84}.Ad-Hoc|iPhoneSimulator.ActiveCfg = Release|Any CPU
		{56A56F17-7DE1-4CA1-9617-BF32E971AC84}.Ad-Hoc|iPhoneSimulator.Build.0 = Release|Any CPU
		{56A56F17-7DE1-4CA1-9617-BF32E971AC84}.Ad-Hoc|x64.ActiveCfg = Release|Any CPU
		{56A56F17-7DE1-4CA1-9617-BF32E971AC84}.Ad-Hoc|x64.Build.0 = Release|Any CPU
		{56A56F17-7DE1-4CA1-9617-BF32E971AC84}.Ad-Hoc|x86.ActiveCfg = Release|Any CPU
		{56A56F17-7DE1-4CA1-9617-BF32E971AC84}.Ad-Hoc|x86.Build.0 = Release|Any CPU
		{56A56F17-7DE1-4CA1-9617-BF32E971AC84}.AppStore|Any CPU.ActiveCfg = Release|Any CPU
		{56A56F17-7DE1-4CA1-9617-BF32E971AC84}.AppStore|Any CPU.Build.0 = Release|Any CPU
		{56A56F17-7DE1-4CA1-9617-BF32E971AC84}.AppStore|ARM.ActiveCfg = Release|Any CPU
		{56A56F17-7DE1-4CA1-9617-BF32E971AC84}.AppStore|ARM.Build.0 = Release|Any CPU
		{56A56F17-7DE1-4CA1-9617-BF32E971AC84}.AppStore|iPhone.ActiveCfg = Release|Any CPU
		{56A56F17-7DE1-4CA1-9617-BF32E971AC84}.AppStore|iPhone.Build.0 = Release|Any CPU
		{56A56F17-7DE1-4CA1-9617-BF32E971AC84}.AppStore|iPhoneSimulator.ActiveCfg = Release|Any CPU
		{56A56F17-7DE1-4CA1-9617-BF32E971AC84}.AppStore|iPhoneSimulator.Build.0 = Release|Any CPU
		{56A56F17-7DE1-4CA1-9617-BF32E971AC84}.AppStore|x64.ActiveCfg = Release|Any CPU
		{56A56F17-7DE1-4CA1-9617-BF32E971AC84}.AppStore|x64.Build.0 = Release|Any CPU
		{56A56F17-7DE1-4CA1-9617-BF32E971AC84}.AppStore|x86.ActiveCfg = Release|Any CPU
		{56A56F17-7DE1-4CA1-9617-BF32E971AC84}.AppStore|x86.Build.0 = Release|Any CPU
		{56A56F17-7DE1-4CA1-9617-BF32E971AC84}.Debug|Any CPU.ActiveCfg = Debug|Any CPU
		{56A56F17-7DE1-4CA1-9617-BF32E971AC84}.Debug|Any CPU.Build.0 = Debug|Any CPU
		{56A56F17-7DE1-4CA1-9617-BF32E971AC84}.Debug|ARM.ActiveCfg = Debug|Any CPU
		{56A56F17-7DE1-4CA1-9617-BF32E971AC84}.Debug|ARM.Build.0 = Debug|Any CPU
		{56A56F17-7DE1-4CA1-9617-BF32E971AC84}.Debug|iPhone.ActiveCfg = Debug|Any CPU
		{56A56F17-7DE1-4CA1-9617-BF32E971AC84}.Debug|iPhone.Build.0 = Debug|Any CPU
		{56A56F17-7DE1-4CA1-9617-BF32E971AC84}.Debug|iPhoneSimulator.ActiveCfg = Debug|Any CPU
		{56A56F17-7DE1-4CA1-9617-BF32E971AC84}.Debug|iPhoneSimulator.Build.0 = Debug|Any CPU
		{56A56F17-7DE1-4CA1-9617-BF32E971AC84}.Debug|x64.ActiveCfg = Debug|Any CPU
		{56A56F17-7DE1-4CA1-9617-BF32E971AC84}.Debug|x64.Build.0 = Debug|Any CPU
		{56A56F17-7DE1-4CA1-9617-BF32E971AC84}.Debug|x86.ActiveCfg = Debug|Any CPU
		{56A56F17-7DE1-4CA1-9617-BF32E971AC84}.Debug|x86.Build.0 = Debug|Any CPU
		{56A56F17-7DE1-4CA1-9617-BF32E971AC84}.Release|Any CPU.ActiveCfg = Release|Any CPU
		{56A56F17-7DE1-4CA1-9617-BF32E971AC84}.Release|Any CPU.Build.0 = Release|Any CPU
		{56A56F17-7DE1-4CA1-9617-BF32E971AC84}.Release|ARM.ActiveCfg = Release|Any CPU
		{56A56F17-7DE1-4CA1-9617-BF32E971AC84}.Release|ARM.Build.0 = Release|Any CPU
		{56A56F17-7DE1-4CA1-9617-BF32E971AC84}.Release|iPhone.ActiveCfg = Release|Any CPU
		{56A56F17-7DE1-4CA1-9617-BF32E971AC84}.Release|iPhone.Build.0 = Release|Any CPU
		{56A56F17-7DE1-4CA1-9617-BF32E971AC84}.Release|iPhoneSimulator.ActiveCfg = Release|Any CPU
		{56A56F17-7DE1-4CA1-9617-BF32E971AC84}.Release|iPhoneSimulator.Build.0 = Release|Any CPU
		{56A56F17-7DE1-4CA1-9617-BF32E971AC84}.Release|x64.ActiveCfg = Release|Any CPU
		{56A56F17-7DE1-4CA1-9617-BF32E971AC84}.Release|x64.Build.0 = Release|Any CPU
		{56A56F17-7DE1-4CA1-9617-BF32E971AC84}.Release|x86.ActiveCfg = Release|Any CPU
		{56A56F17-7DE1-4CA1-9617-BF32E971AC84}.Release|x86.Build.0 = Release|Any CPU
		{D7F3AA16-8EF1-4924-9E0A-DAD4AB46B2EB}.Ad-Hoc|Any CPU.ActiveCfg = AppStore|Any CPU
		{D7F3AA16-8EF1-4924-9E0A-DAD4AB46B2EB}.Ad-Hoc|Any CPU.Build.0 = AppStore|Any CPU
		{D7F3AA16-8EF1-4924-9E0A-DAD4AB46B2EB}.Ad-Hoc|ARM.ActiveCfg = AppStore|Any CPU
		{D7F3AA16-8EF1-4924-9E0A-DAD4AB46B2EB}.Ad-Hoc|ARM.Build.0 = AppStore|Any CPU
		{D7F3AA16-8EF1-4924-9E0A-DAD4AB46B2EB}.Ad-Hoc|iPhone.ActiveCfg = AppStore|Any CPU
		{D7F3AA16-8EF1-4924-9E0A-DAD4AB46B2EB}.Ad-Hoc|iPhone.Build.0 = AppStore|Any CPU
		{D7F3AA16-8EF1-4924-9E0A-DAD4AB46B2EB}.Ad-Hoc|iPhoneSimulator.ActiveCfg = AppStore|Any CPU
		{D7F3AA16-8EF1-4924-9E0A-DAD4AB46B2EB}.Ad-Hoc|iPhoneSimulator.Build.0 = AppStore|Any CPU
		{D7F3AA16-8EF1-4924-9E0A-DAD4AB46B2EB}.Ad-Hoc|x64.ActiveCfg = AppStore|Any CPU
		{D7F3AA16-8EF1-4924-9E0A-DAD4AB46B2EB}.Ad-Hoc|x64.Build.0 = AppStore|Any CPU
		{D7F3AA16-8EF1-4924-9E0A-DAD4AB46B2EB}.Ad-Hoc|x86.ActiveCfg = AppStore|Any CPU
		{D7F3AA16-8EF1-4924-9E0A-DAD4AB46B2EB}.Ad-Hoc|x86.Build.0 = AppStore|Any CPU
		{D7F3AA16-8EF1-4924-9E0A-DAD4AB46B2EB}.AppStore|Any CPU.ActiveCfg = AppStore|Any CPU
		{D7F3AA16-8EF1-4924-9E0A-DAD4AB46B2EB}.AppStore|Any CPU.Build.0 = AppStore|Any CPU
		{D7F3AA16-8EF1-4924-9E0A-DAD4AB46B2EB}.AppStore|ARM.ActiveCfg = AppStore|Any CPU
		{D7F3AA16-8EF1-4924-9E0A-DAD4AB46B2EB}.AppStore|ARM.Build.0 = AppStore|Any CPU
		{D7F3AA16-8EF1-4924-9E0A-DAD4AB46B2EB}.AppStore|iPhone.ActiveCfg = AppStore|Any CPU
		{D7F3AA16-8EF1-4924-9E0A-DAD4AB46B2EB}.AppStore|iPhone.Build.0 = AppStore|Any CPU
		{D7F3AA16-8EF1-4924-9E0A-DAD4AB46B2EB}.AppStore|iPhoneSimulator.ActiveCfg = AppStore|Any CPU
		{D7F3AA16-8EF1-4924-9E0A-DAD4AB46B2EB}.AppStore|iPhoneSimulator.Build.0 = AppStore|Any CPU
		{D7F3AA16-8EF1-4924-9E0A-DAD4AB46B2EB}.AppStore|x64.ActiveCfg = AppStore|Any CPU
		{D7F3AA16-8EF1-4924-9E0A-DAD4AB46B2EB}.AppStore|x64.Build.0 = AppStore|Any CPU
		{D7F3AA16-8EF1-4924-9E0A-DAD4AB46B2EB}.AppStore|x86.ActiveCfg = AppStore|Any CPU
		{D7F3AA16-8EF1-4924-9E0A-DAD4AB46B2EB}.AppStore|x86.Build.0 = AppStore|Any CPU
		{D7F3AA16-8EF1-4924-9E0A-DAD4AB46B2EB}.Debug|Any CPU.ActiveCfg = Debug|Any CPU
		{D7F3AA16-8EF1-4924-9E0A-DAD4AB46B2EB}.Debug|Any CPU.Build.0 = Debug|Any CPU
		{D7F3AA16-8EF1-4924-9E0A-DAD4AB46B2EB}.Debug|ARM.ActiveCfg = Debug|Any CPU
		{D7F3AA16-8EF1-4924-9E0A-DAD4AB46B2EB}.Debug|ARM.Build.0 = Debug|Any CPU
		{D7F3AA16-8EF1-4924-9E0A-DAD4AB46B2EB}.Debug|iPhone.ActiveCfg = Debug|Any CPU
		{D7F3AA16-8EF1-4924-9E0A-DAD4AB46B2EB}.Debug|iPhone.Build.0 = Debug|Any CPU
		{D7F3AA16-8EF1-4924-9E0A-DAD4AB46B2EB}.Debug|iPhoneSimulator.ActiveCfg = Debug|Any CPU
		{D7F3AA16-8EF1-4924-9E0A-DAD4AB46B2EB}.Debug|iPhoneSimulator.Build.0 = Debug|Any CPU
		{D7F3AA16-8EF1-4924-9E0A-DAD4AB46B2EB}.Debug|x64.ActiveCfg = Debug|Any CPU
		{D7F3AA16-8EF1-4924-9E0A-DAD4AB46B2EB}.Debug|x64.Build.0 = Debug|Any CPU
		{D7F3AA16-8EF1-4924-9E0A-DAD4AB46B2EB}.Debug|x86.ActiveCfg = Debug|Any CPU
		{D7F3AA16-8EF1-4924-9E0A-DAD4AB46B2EB}.Debug|x86.Build.0 = Debug|Any CPU
		{D7F3AA16-8EF1-4924-9E0A-DAD4AB46B2EB}.Release|Any CPU.ActiveCfg = Release|Any CPU
		{D7F3AA16-8EF1-4924-9E0A-DAD4AB46B2EB}.Release|Any CPU.Build.0 = Release|Any CPU
		{D7F3AA16-8EF1-4924-9E0A-DAD4AB46B2EB}.Release|ARM.ActiveCfg = Release|Any CPU
		{D7F3AA16-8EF1-4924-9E0A-DAD4AB46B2EB}.Release|ARM.Build.0 = Release|Any CPU
		{D7F3AA16-8EF1-4924-9E0A-DAD4AB46B2EB}.Release|iPhone.ActiveCfg = Release|Any CPU
		{D7F3AA16-8EF1-4924-9E0A-DAD4AB46B2EB}.Release|iPhone.Build.0 = Release|Any CPU
		{D7F3AA16-8EF1-4924-9E0A-DAD4AB46B2EB}.Release|iPhoneSimulator.ActiveCfg = Release|Any CPU
		{D7F3AA16-8EF1-4924-9E0A-DAD4AB46B2EB}.Release|iPhoneSimulator.Build.0 = Release|Any CPU
		{D7F3AA16-8EF1-4924-9E0A-DAD4AB46B2EB}.Release|x64.ActiveCfg = Release|Any CPU
		{D7F3AA16-8EF1-4924-9E0A-DAD4AB46B2EB}.Release|x64.Build.0 = Release|Any CPU
		{D7F3AA16-8EF1-4924-9E0A-DAD4AB46B2EB}.Release|x86.ActiveCfg = Release|Any CPU
		{D7F3AA16-8EF1-4924-9E0A-DAD4AB46B2EB}.Release|x86.Build.0 = Release|Any CPU
		{807FD616-74A7-4800-AB46-481AAF966F1D}.Ad-Hoc|Any CPU.ActiveCfg = Release|Any CPU
		{807FD616-74A7-4800-AB46-481AAF966F1D}.Ad-Hoc|Any CPU.Build.0 = Release|Any CPU
		{807FD616-74A7-4800-AB46-481AAF966F1D}.Ad-Hoc|ARM.ActiveCfg = Release|ARM
		{807FD616-74A7-4800-AB46-481AAF966F1D}.Ad-Hoc|ARM.Build.0 = Release|ARM
		{807FD616-74A7-4800-AB46-481AAF966F1D}.Ad-Hoc|iPhone.ActiveCfg = Release|Any CPU
		{807FD616-74A7-4800-AB46-481AAF966F1D}.Ad-Hoc|iPhone.Build.0 = Release|Any CPU
		{807FD616-74A7-4800-AB46-481AAF966F1D}.Ad-Hoc|iPhoneSimulator.ActiveCfg = Release|Any CPU
		{807FD616-74A7-4800-AB46-481AAF966F1D}.Ad-Hoc|iPhoneSimulator.Build.0 = Release|Any CPU
		{807FD616-74A7-4800-AB46-481AAF966F1D}.Ad-Hoc|x64.ActiveCfg = Release|x64
		{807FD616-74A7-4800-AB46-481AAF966F1D}.Ad-Hoc|x64.Build.0 = Release|x64
		{807FD616-74A7-4800-AB46-481AAF966F1D}.Ad-Hoc|x86.ActiveCfg = Release|x86
		{807FD616-74A7-4800-AB46-481AAF966F1D}.Ad-Hoc|x86.Build.0 = Release|x86
		{807FD616-74A7-4800-AB46-481AAF966F1D}.AppStore|Any CPU.ActiveCfg = Release|Any CPU
		{807FD616-74A7-4800-AB46-481AAF966F1D}.AppStore|Any CPU.Build.0 = Release|Any CPU
		{807FD616-74A7-4800-AB46-481AAF966F1D}.AppStore|ARM.ActiveCfg = Release|ARM
		{807FD616-74A7-4800-AB46-481AAF966F1D}.AppStore|ARM.Build.0 = Release|ARM
		{807FD616-74A7-4800-AB46-481AAF966F1D}.AppStore|iPhone.ActiveCfg = Release|Any CPU
		{807FD616-74A7-4800-AB46-481AAF966F1D}.AppStore|iPhone.Build.0 = Release|Any CPU
		{807FD616-74A7-4800-AB46-481AAF966F1D}.AppStore|iPhoneSimulator.ActiveCfg = Release|Any CPU
		{807FD616-74A7-4800-AB46-481AAF966F1D}.AppStore|iPhoneSimulator.Build.0 = Release|Any CPU
		{807FD616-74A7-4800-AB46-481AAF966F1D}.AppStore|x64.ActiveCfg = Release|x64
		{807FD616-74A7-4800-AB46-481AAF966F1D}.AppStore|x64.Build.0 = Release|x64
		{807FD616-74A7-4800-AB46-481AAF966F1D}.AppStore|x86.ActiveCfg = Release|x86
		{807FD616-74A7-4800-AB46-481AAF966F1D}.AppStore|x86.Build.0 = Release|x86
		{807FD616-74A7-4800-AB46-481AAF966F1D}.Debug|Any CPU.ActiveCfg = Debug|Any CPU
		{807FD616-74A7-4800-AB46-481AAF966F1D}.Debug|Any CPU.Build.0 = Debug|Any CPU
		{807FD616-74A7-4800-AB46-481AAF966F1D}.Debug|ARM.ActiveCfg = Debug|ARM
		{807FD616-74A7-4800-AB46-481AAF966F1D}.Debug|ARM.Build.0 = Debug|ARM
		{807FD616-74A7-4800-AB46-481AAF966F1D}.Debug|iPhone.ActiveCfg = Debug|Any CPU
		{807FD616-74A7-4800-AB46-481AAF966F1D}.Debug|iPhone.Build.0 = Debug|Any CPU
		{807FD616-74A7-4800-AB46-481AAF966F1D}.Debug|iPhoneSimulator.ActiveCfg = Debug|Any CPU
		{807FD616-74A7-4800-AB46-481AAF966F1D}.Debug|iPhoneSimulator.Build.0 = Debug|Any CPU
		{807FD616-74A7-4800-AB46-481AAF966F1D}.Debug|x64.ActiveCfg = Debug|x64
		{807FD616-74A7-4800-AB46-481AAF966F1D}.Debug|x64.Build.0 = Debug|x64
		{807FD616-74A7-4800-AB46-481AAF966F1D}.Debug|x86.ActiveCfg = Debug|x86
		{807FD616-74A7-4800-AB46-481AAF966F1D}.Debug|x86.Build.0 = Debug|x86
		{807FD616-74A7-4800-AB46-481AAF966F1D}.Release|Any CPU.ActiveCfg = Release|Any CPU
		{807FD616-74A7-4800-AB46-481AAF966F1D}.Release|Any CPU.Build.0 = Release|Any CPU
		{807FD616-74A7-4800-AB46-481AAF966F1D}.Release|ARM.ActiveCfg = Release|ARM
		{807FD616-74A7-4800-AB46-481AAF966F1D}.Release|ARM.Build.0 = Release|ARM
		{807FD616-74A7-4800-AB46-481AAF966F1D}.Release|iPhone.ActiveCfg = Release|Any CPU
		{807FD616-74A7-4800-AB46-481AAF966F1D}.Release|iPhone.Build.0 = Release|Any CPU
		{807FD616-74A7-4800-AB46-481AAF966F1D}.Release|iPhoneSimulator.ActiveCfg = Release|Any CPU
		{807FD616-74A7-4800-AB46-481AAF966F1D}.Release|iPhoneSimulator.Build.0 = Release|Any CPU
		{807FD616-74A7-4800-AB46-481AAF966F1D}.Release|x64.ActiveCfg = Release|x64
		{807FD616-74A7-4800-AB46-481AAF966F1D}.Release|x64.Build.0 = Release|x64
		{807FD616-74A7-4800-AB46-481AAF966F1D}.Release|x86.ActiveCfg = Release|x86
		{807FD616-74A7-4800-AB46-481AAF966F1D}.Release|x86.Build.0 = Release|x86
	EndGlobalSection
	GlobalSection(SolutionProperties) = preSolution
		HideSolutionNode = FALSE
	EndGlobalSection
EndGlobal
